// !$*UTF8*$!
{
	archiveVersion = 1;
	classes = {
	};
	objectVersion = 56;
	objects = {

/* Begin PBXBuildFile section */
		D6220C6D2AE66A570085A8BC /* CustomCircleView.swift in Sources */ = {isa = PBXBuildFile; fileRef = D6220C6C2AE66A570085A8BC /* CustomCircleView.swift */; };
		D6220C6F2AE66C7E0085A8BC /* MotionAnimationView.swift in Sources */ = {isa = PBXBuildFile; fileRef = D6220C6E2AE66C7E0085A8BC /* MotionAnimationView.swift */; };
		D6220C722AE672A00085A8BC /* SettingsView.swift in Sources */ = {isa = PBXBuildFile; fileRef = D6220C712AE672A00085A8BC /* SettingsView.swift */; };
		D6220C742AE686C30085A8BC /* CustomListRowView.swift in Sources */ = {isa = PBXBuildFile; fileRef = D6220C732AE686C30085A8BC /* CustomListRowView.swift */; };
		D625E8832AE555D000EB2207 /* HikeApp.swift in Sources */ = {isa = PBXBuildFile; fileRef = D625E8822AE555D000EB2207 /* HikeApp.swift */; };
		D625E8852AE555D000EB2207 /* ContentView.swift in Sources */ = {isa = PBXBuildFile; fileRef = D625E8842AE555D000EB2207 /* ContentView.swift */; };
		D625E8872AE555D100EB2207 /* Assets.xcassets in Resources */ = {isa = PBXBuildFile; fileRef = D625E8862AE555D100EB2207 /* Assets.xcassets */; };
		D625E88A2AE555D100EB2207 /* Preview Assets.xcassets in Resources */ = {isa = PBXBuildFile; fileRef = D625E8892AE555D100EB2207 /* Preview Assets.xcassets */; };
		D69225F22AE55888004B35A6 /* CardView.swift in Sources */ = {isa = PBXBuildFile; fileRef = D69225F12AE55888004B35A6 /* CardView.swift */; };
		D69225F52AE55A79004B35A6 /* CustomBackgroundView.swift in Sources */ = {isa = PBXBuildFile; fileRef = D69225F42AE55A79004B35A6 /* CustomBackgroundView.swift */; };
		D69225F72AE55C37004B35A6 /* ColorExtention.swift in Sources */ = {isa = PBXBuildFile; fileRef = D69225F62AE55C37004B35A6 /* ColorExtention.swift */; };
		D69225FA2AE56862004B35A6 /* CustomButtonView.swift in Sources */ = {isa = PBXBuildFile; fileRef = D69225F92AE56862004B35A6 /* CustomButtonView.swift */; };
		D69225FC2AE56D39004B35A6 /* GradientButtonStyle.swift in Sources */ = {isa = PBXBuildFile; fileRef = D69225FB2AE56D39004B35A6 /* GradientButtonStyle.swift */; };
/* End PBXBuildFile section */

/* Begin PBXFileReference section */
		D6220C6C2AE66A570085A8BC /* CustomCircleView.swift */ = {isa = PBXFileReference; lastKnownFileType = sourcecode.swift; path = CustomCircleView.swift; sourceTree = "<group>"; };
		D6220C6E2AE66C7E0085A8BC /* MotionAnimationView.swift */ = {isa = PBXFileReference; lastKnownFileType = sourcecode.swift; path = MotionAnimationView.swift; sourceTree = "<group>"; };
		D6220C712AE672A00085A8BC /* SettingsView.swift */ = {isa = PBXFileReference; lastKnownFileType = sourcecode.swift; path = SettingsView.swift; sourceTree = "<group>"; };
		D6220C732AE686C30085A8BC /* CustomListRowView.swift */ = {isa = PBXFileReference; lastKnownFileType = sourcecode.swift; path = CustomListRowView.swift; sourceTree = "<group>"; };
		D625E87F2AE555D000EB2207 /* Hike.app */ = {isa = PBXFileReference; explicitFileType = wrapper.application; includeInIndex = 0; path = Hike.app; sourceTree = BUILT_PRODUCTS_DIR; };
		D625E8822AE555D000EB2207 /* HikeApp.swift */ = {isa = PBXFileReference; lastKnownFileType = sourcecode.swift; path = HikeApp.swift; sourceTree = "<group>"; };
		D625E8842AE555D000EB2207 /* ContentView.swift */ = {isa = PBXFileReference; lastKnownFileType = sourcecode.swift; path = ContentView.swift; sourceTree = "<group>"; };
		D625E8862AE555D100EB2207 /* Assets.xcassets */ = {isa = PBXFileReference; lastKnownFileType = folder.assetcatalog; path = Assets.xcassets; sourceTree = "<group>"; };
		D625E8892AE555D100EB2207 /* Preview Assets.xcassets */ = {isa = PBXFileReference; lastKnownFileType = folder.assetcatalog; path = "Preview Assets.xcassets"; sourceTree = "<group>"; };
		D69225F12AE55888004B35A6 /* CardView.swift */ = {isa = PBXFileReference; lastKnownFileType = sourcecode.swift; path = CardView.swift; sourceTree = "<group>"; };
		D69225F42AE55A79004B35A6 /* CustomBackgroundView.swift */ = {isa = PBXFileReference; lastKnownFileType = sourcecode.swift; path = CustomBackgroundView.swift; sourceTree = "<group>"; };
		D69225F62AE55C37004B35A6 /* ColorExtention.swift */ = {isa = PBXFileReference; lastKnownFileType = sourcecode.swift; path = ColorExtention.swift; sourceTree = "<group>"; };
		D69225F92AE56862004B35A6 /* CustomButtonView.swift */ = {isa = PBXFileReference; lastKnownFileType = sourcecode.swift; path = CustomButtonView.swift; sourceTree = "<group>"; };
		D69225FB2AE56D39004B35A6 /* GradientButtonStyle.swift */ = {isa = PBXFileReference; lastKnownFileType = sourcecode.swift; path = GradientButtonStyle.swift; sourceTree = "<group>"; };
/* End PBXFileReference section */

/* Begin PBXFrameworksBuildPhase section */
		D625E87C2AE555D000EB2207 /* Frameworks */ = {
			isa = PBXFrameworksBuildPhase;
			buildActionMask = 2147483647;
			files = (
			);
			runOnlyForDeploymentPostprocessing = 0;
		};
/* End PBXFrameworksBuildPhase section */

/* Begin PBXGroup section */
		D6220C702AE672820085A8BC /* Screen */ = {
			isa = PBXGroup;
			children = (
				D625E8842AE555D000EB2207 /* ContentView.swift */,
				D6220C712AE672A00085A8BC /* SettingsView.swift */,
			);
			path = Screen;
			sourceTree = "<group>";
		};
		D625E8762AE555D000EB2207 = {
			isa = PBXGroup;
			children = (
				D625E8812AE555D000EB2207 /* Hike */,
				D625E8802AE555D000EB2207 /* Products */,
			);
			sourceTree = "<group>";
		};
		D625E8802AE555D000EB2207 /* Products */ = {
			isa = PBXGroup;
			children = (
				D625E87F2AE555D000EB2207 /* Hike.app */,
			);
			name = Products;
			sourceTree = "<group>";
		};
		D625E8812AE555D000EB2207 /* Hike */ = {
			isa = PBXGroup;
			children = (
				D69225F32AE55A6B004B35A6 /* Component */,
				D69225F82AE55C3C004B35A6 /* Utility */,
				D625E8882AE555D100EB2207 /* Preview Content */,
				D625E8822AE555D000EB2207 /* HikeApp.swift */,
				D6220C702AE672820085A8BC /* Screen */,
				D625E8862AE555D100EB2207 /* Assets.xcassets */,
			);
			path = Hike;
			sourceTree = "<group>";
		};
		D625E8882AE555D100EB2207 /* Preview Content */ = {
			isa = PBXGroup;
			children = (
				D625E8892AE555D100EB2207 /* Preview Assets.xcassets */,
			);
			path = "Preview Content";
			sourceTree = "<group>";
		};
		D69225F32AE55A6B004B35A6 /* Component */ = {
			isa = PBXGroup;
			children = (
				D69225F12AE55888004B35A6 /* CardView.swift */,
				D6220C6C2AE66A570085A8BC /* CustomCircleView.swift */,
				D69225F42AE55A79004B35A6 /* CustomBackgroundView.swift */,
				D69225F92AE56862004B35A6 /* CustomButtonView.swift */,
				D6220C6E2AE66C7E0085A8BC /* MotionAnimationView.swift */,
				D6220C732AE686C30085A8BC /* CustomListRowView.swift */,
			);
			path = Component;
			sourceTree = "<group>";
		};
		D69225F82AE55C3C004B35A6 /* Utility */ = {
			isa = PBXGroup;
			children = (
				D69225F62AE55C37004B35A6 /* ColorExtention.swift */,
				D69225FB2AE56D39004B35A6 /* GradientButtonStyle.swift */,
			);
			path = Utility;
			sourceTree = "<group>";
		};
/* End PBXGroup section */

/* Begin PBXNativeTarget section */
		D625E87E2AE555D000EB2207 /* Hike */ = {
			isa = PBXNativeTarget;
			buildConfigurationList = D625E88D2AE555D100EB2207 /* Build configuration list for PBXNativeTarget "Hike" */;
			buildPhases = (
				D625E87B2AE555D000EB2207 /* Sources */,
				D625E87C2AE555D000EB2207 /* Frameworks */,
				D625E87D2AE555D000EB2207 /* Resources */,
			);
			buildRules = (
			);
			dependencies = (
			);
			name = Hike;
			productName = Hike;
			productReference = D625E87F2AE555D000EB2207 /* Hike.app */;
			productType = "com.apple.product-type.application";
		};
/* End PBXNativeTarget section */

/* Begin PBXProject section */
		D625E8772AE555D000EB2207 /* Project object */ = {
			isa = PBXProject;
			attributes = {
				BuildIndependentTargetsInParallel = 1;
				LastSwiftUpdateCheck = 1500;
				LastUpgradeCheck = 1500;
				TargetAttributes = {
					D625E87E2AE555D000EB2207 = {
						CreatedOnToolsVersion = 15.0.1;
					};
				};
			};
			buildConfigurationList = D625E87A2AE555D000EB2207 /* Build configuration list for PBXProject "Hike" */;
			compatibilityVersion = "Xcode 14.0";
			developmentRegion = en;
			hasScannedForEncodings = 0;
			knownRegions = (
				en,
				Base,
			);
			mainGroup = D625E8762AE555D000EB2207;
			productRefGroup = D625E8802AE555D000EB2207 /* Products */;
			projectDirPath = "";
			projectRoot = "";
			targets = (
				D625E87E2AE555D000EB2207 /* Hike */,
			);
		};
/* End PBXProject section */

/* Begin PBXResourcesBuildPhase section */
		D625E87D2AE555D000EB2207 /* Resources */ = {
			isa = PBXResourcesBuildPhase;
			buildActionMask = 2147483647;
			files = (
				D625E88A2AE555D100EB2207 /* Preview Assets.xcassets in Resources */,
				D625E8872AE555D100EB2207 /* Assets.xcassets in Resources */,
			);
			runOnlyForDeploymentPostprocessing = 0;
		};
/* End PBXResourcesBuildPhase section */

/* Begin PBXSourcesBuildPhase section */
		D625E87B2AE555D000EB2207 /* Sources */ = {
			isa = PBXSourcesBuildPhase;
			buildActionMask = 2147483647;
			files = (
				D625E8852AE555D000EB2207 /* ContentView.swift in Sources */,
				D6220C6D2AE66A570085A8BC /* CustomCircleView.swift in Sources */,
				D6220C742AE686C30085A8BC /* CustomListRowView.swift in Sources */,
				D69225F22AE55888004B35A6 /* CardView.swift in Sources */,
				D69225F72AE55C37004B35A6 /* ColorExtention.swift in Sources */,
				D69225FA2AE56862004B35A6 /* CustomButtonView.swift in Sources */,
				D6220C722AE672A00085A8BC /* SettingsView.swift in Sources */,
				D69225FC2AE56D39004B35A6 /* GradientButtonStyle.swift in Sources */,
				D6220C6F2AE66C7E0085A8BC /* MotionAnimationView.swift in Sources */,
				D69225F52AE55A79004B35A6 /* CustomBackgroundView.swift in Sources */,
				D625E8832AE555D000EB2207 /* HikeApp.swift in Sources */,
			);
			runOnlyForDeploymentPostprocessing = 0;
		};
/* End PBXSourcesBuildPhase section */

/* Begin XCBuildConfiguration section */
		D625E88B2AE555D100EB2207 /* Debug */ = {
			isa = XCBuildConfiguration;
			buildSettings = {
				ALWAYS_SEARCH_USER_PATHS = NO;
				ASSETCATALOG_COMPILER_GENERATE_SWIFT_ASSET_SYMBOL_EXTENSIONS = YES;
				CLANG_ANALYZER_NONNULL = YES;
				CLANG_ANALYZER_NUMBER_OBJECT_CONVERSION = YES_AGGRESSIVE;
				CLANG_CXX_LANGUAGE_STANDARD = "gnu++20";
				CLANG_ENABLE_MODULES = YES;
				CLANG_ENABLE_OBJC_ARC = YES;
				CLANG_ENABLE_OBJC_WEAK = YES;
				CLANG_WARN_BLOCK_CAPTURE_AUTORELEASING = YES;
				CLANG_WARN_BOOL_CONVERSION = YES;
				CLANG_WARN_COMMA = YES;
				CLANG_WARN_CONSTANT_CONVERSION = YES;
				CLANG_WARN_DEPRECATED_OBJC_IMPLEMENTATIONS = YES;
				CLANG_WARN_DIRECT_OBJC_ISA_USAGE = YES_ERROR;
				CLANG_WARN_DOCUMENTATION_COMMENTS = YES;
				CLANG_WARN_EMPTY_BODY = YES;
				CLANG_WARN_ENUM_CONVERSION = YES;
				CLANG_WARN_INFINITE_RECURSION = YES;
				CLANG_WARN_INT_CONVERSION = YES;
				CLANG_WARN_NON_LITERAL_NULL_CONVERSION = YES;
				CLANG_WARN_OBJC_IMPLICIT_RETAIN_SELF = YES;
				CLANG_WARN_OBJC_LITERAL_CONVERSION = YES;
				CLANG_WARN_OBJC_ROOT_CLASS = YES_ERROR;
				CLANG_WARN_QUOTED_INCLUDE_IN_FRAMEWORK_HEADER = YES;
				CLANG_WARN_RANGE_LOOP_ANALYSIS = YES;
				CLANG_WARN_STRICT_PROTOTYPES = YES;
				CLANG_WARN_SUSPICIOUS_MOVE = YES;
				CLANG_WARN_UNGUARDED_AVAILABILITY = YES_AGGRESSIVE;
				CLANG_WARN_UNREACHABLE_CODE = YES;
				CLANG_WARN__DUPLICATE_METHOD_MATCH = YES;
				COPY_PHASE_STRIP = NO;
				DEBUG_INFORMATION_FORMAT = dwarf;
				ENABLE_STRICT_OBJC_MSGSEND = YES;
				ENABLE_TESTABILITY = YES;
				ENABLE_USER_SCRIPT_SANDBOXING = YES;
				GCC_C_LANGUAGE_STANDARD = gnu17;
				GCC_DYNAMIC_NO_PIC = NO;
				GCC_NO_COMMON_BLOCKS = YES;
				GCC_OPTIMIZATION_LEVEL = 0;
				GCC_PREPROCESSOR_DEFINITIONS = (
					"DEBUG=1",
					"$(inherited)",
				);
				GCC_WARN_64_TO_32_BIT_CONVERSION = YES;
				GCC_WARN_ABOUT_RETURN_TYPE = YES_ERROR;
				GCC_WARN_UNDECLARED_SELECTOR = YES;
				GCC_WARN_UNINITIALIZED_AUTOS = YES_AGGRESSIVE;
				GCC_WARN_UNUSED_FUNCTION = YES;
				GCC_WARN_UNUSED_VARIABLE = YES;
				IPHONEOS_DEPLOYMENT_TARGET = 17.0;
				LOCALIZATION_PREFERS_STRING_CATALOGS = YES;
				MTL_ENABLE_DEBUG_INFO = INCLUDE_SOURCE;
				MTL_FAST_MATH = YES;
				ONLY_ACTIVE_ARCH = YES;
				SDKROOT = iphoneos;
				SWIFT_ACTIVE_COMPILATION_CONDITIONS = "DEBUG $(inherited)";
				SWIFT_OPTIMIZATION_LEVEL = "-Onone";
			};
			name = Debug;
		};
		D625E88C2AE555D100EB2207 /* Release */ = {
			isa = XCBuildConfiguration;
			buildSettings = {
				ALWAYS_SEARCH_USER_PATHS = NO;
				ASSETCATALOG_COMPILER_GENERATE_SWIFT_ASSET_SYMBOL_EXTENSIONS = YES;
				CLANG_ANALYZER_NONNULL = YES;
				CLANG_ANALYZER_NUMBER_OBJECT_CONVERSION = YES_AGGRESSIVE;
				CLANG_CXX_LANGUAGE_STANDARD = "gnu++20";
				CLANG_ENABLE_MODULES = YES;
				CLANG_ENABLE_OBJC_ARC = YES;
				CLANG_ENABLE_OBJC_WEAK = YES;
				CLANG_WARN_BLOCK_CAPTURE_AUTORELEASING = YES;
				CLANG_WARN_BOOL_CONVERSION = YES;
				CLANG_WARN_COMMA = YES;
				CLANG_WARN_CONSTANT_CONVERSION = YES;
				CLANG_WARN_DEPRECATED_OBJC_IMPLEMENTATIONS = YES;
				CLANG_WARN_DIRECT_OBJC_ISA_USAGE = YES_ERROR;
				CLANG_WARN_DOCUMENTATION_COMMENTS = YES;
				CLANG_WARN_EMPTY_BODY = YES;
				CLANG_WARN_ENUM_CONVERSION = YES;
				CLANG_WARN_INFINITE_RECURSION = YES;
				CLANG_WARN_INT_CONVERSION = YES;
				CLANG_WARN_NON_LITERAL_NULL_CONVERSION = YES;
				CLANG_WARN_OBJC_IMPLICIT_RETAIN_SELF = YES;
				CLANG_WARN_OBJC_LITERAL_CONVERSION = YES;
				CLANG_WARN_OBJC_ROOT_CLASS = YES_ERROR;
				CLANG_WARN_QUOTED_INCLUDE_IN_FRAMEWORK_HEADER = YES;
				CLANG_WARN_RANGE_LOOP_ANALYSIS = YES;
				CLANG_WARN_STRICT_PROTOTYPES = YES;
				CLANG_WARN_SUSPICIOUS_MOVE = YES;
				CLANG_WARN_UNGUARDED_AVAILABILITY = YES_AGGRESSIVE;
				CLANG_WARN_UNREACHABLE_CODE = YES;
				CLANG_WARN__DUPLICATE_METHOD_MATCH = YES;
				COPY_PHASE_STRIP = NO;
				DEBUG_INFORMATION_FORMAT = "dwarf-with-dsym";
				ENABLE_NS_ASSERTIONS = NO;
				ENABLE_STRICT_OBJC_MSGSEND = YES;
				ENABLE_USER_SCRIPT_SANDBOXING = YES;
				GCC_C_LANGUAGE_STANDARD = gnu17;
				GCC_NO_COMMON_BLOCKS = YES;
				GCC_WARN_64_TO_32_BIT_CONVERSION = YES;
				GCC_WARN_ABOUT_RETURN_TYPE = YES_ERROR;
				GCC_WARN_UNDECLARED_SELECTOR = YES;
				GCC_WARN_UNINITIALIZED_AUTOS = YES_AGGRESSIVE;
				GCC_WARN_UNUSED_FUNCTION = YES;
				GCC_WARN_UNUSED_VARIABLE = YES;
				IPHONEOS_DEPLOYMENT_TARGET = 17.0;
				LOCALIZATION_PREFERS_STRING_CATALOGS = YES;
				MTL_ENABLE_DEBUG_INFO = NO;
				MTL_FAST_MATH = YES;
				SDKROOT = iphoneos;
				SWIFT_COMPILATION_MODE = wholemodule;
				VALIDATE_PRODUCT = YES;
			};
			name = Release;
		};
		D625E88E2AE555D100EB2207 /* Debug */ = {
			isa = XCBuildConfiguration;
			buildSettings = {
				ASSETCATALOG_COMPILER_APPICON_NAME = AppIcon;
				ASSETCATALOG_COMPILER_GLOBAL_ACCENT_COLOR_NAME = AccentColor;
				CODE_SIGN_STYLE = Automatic;
				CURRENT_PROJECT_VERSION = 1;
				DEVELOPMENT_ASSET_PATHS = "\"Hike/Preview Content\"";
				DEVELOPMENT_TEAM = APH7WMHZRK;
				ENABLE_PREVIEWS = YES;
				GENERATE_INFOPLIST_FILE = YES;
				INFOPLIST_KEY_UIApplicationSceneManifest_Generation = YES;
				INFOPLIST_KEY_UIApplicationSupportsIndirectInputEvents = YES;
				INFOPLIST_KEY_UILaunchScreen_Generation = YES;
				INFOPLIST_KEY_UISupportedInterfaceOrientations_iPad = "UIInterfaceOrientationPortrait UIInterfaceOrientationPortraitUpsideDown UIInterfaceOrientationLandscapeLeft UIInterfaceOrientationLandscapeRight";
				INFOPLIST_KEY_UISupportedInterfaceOrientations_iPhone = "UIInterfaceOrientationPortrait UIInterfaceOrientationLandscapeLeft UIInterfaceOrientationLandscapeRight";
				LD_RUNPATH_SEARCH_PATHS = (
					"$(inherited)",
					"@executable_path/Frameworks",
				);
				MARKETING_VERSION = 1.0;
				PRODUCT_BUNDLE_IDENTIFIER = kr.hihoi.Hike;
				PRODUCT_NAME = "$(TARGET_NAME)";
				SWIFT_EMIT_LOC_STRINGS = YES;
				SWIFT_VERSION = 5.0;
				TARGETED_DEVICE_FAMILY = "1,2";
			};
			name = Debug;
		};
		D625E88F2AE555D100EB2207 /* Release */ = {
			isa = XCBuildConfiguration;
			buildSettings = {
				ASSETCATALOG_COMPILER_APPICON_NAME = AppIcon;
				ASSETCATALOG_COMPILER_GLOBAL_ACCENT_COLOR_NAME = AccentColor;
				CODE_SIGN_STYLE = Automatic;
				CURRENT_PROJECT_VERSION = 1;
				DEVELOPMENT_ASSET_PATHS = "\"Hike/Preview Content\"";
				DEVELOPMENT_TEAM = APH7WMHZRK;
				ENABLE_PREVIEWS = YES;
				GENERATE_INFOPLIST_FILE = YES;
				INFOPLIST_KEY_UIApplicationSceneManifest_Generation = YES;
				INFOPLIST_KEY_UIApplicationSupportsIndirectInputEvents = YES;
				INFOPLIST_KEY_UILaunchScreen_Generation = YES;
				INFOPLIST_KEY_UISupportedInterfaceOrientations_iPad = "UIInterfaceOrientationPortrait UIInterfaceOrientationPortraitUpsideDown UIInterfaceOrientationLandscapeLeft UIInterfaceOrientationLandscapeRight";
				INFOPLIST_KEY_UISupportedInterfaceOrientations_iPhone = "UIInterfaceOrientationPortrait UIInterfaceOrientationLandscapeLeft UIInterfaceOrientationLandscapeRight";
				LD_RUNPATH_SEARCH_PATHS = (
					"$(inherited)",
					"@executable_path/Frameworks",
				);
				MARKETING_VERSION = 1.0;
				PRODUCT_BUNDLE_IDENTIFIER = kr.hihoi.Hike;
				PRODUCT_NAME = "$(TARGET_NAME)";
				SWIFT_EMIT_LOC_STRINGS = YES;
				SWIFT_VERSION = 5.0;
				TARGETED_DEVICE_FAMILY = "1,2";
			};
			name = Release;
		};
/* End XCBuildConfiguration section */

/* Begin XCConfigurationList section */
		D625E87A2AE555D000EB2207 /* Build configuration list for PBXProject "Hike" */ = {
			isa = XCConfigurationList;
			buildConfigurations = (
				D625E88B2AE555D100EB2207 /* Debug */,
				D625E88C2AE555D100EB2207 /* Release */,
			);
			defaultConfigurationIsVisible = 0;
			defaultConfigurationName = Release;
		};
		D625E88D2AE555D100EB2207 /* Build configuration list for PBXNativeTarget "Hike" */ = {
			isa = XCConfigurationList;
			buildConfigurations = (
				D625E88E2AE555D100EB2207 /* Debug */,
				D625E88F2AE555D100EB2207 /* Release */,
			);
			defaultConfigurationIsVisible = 0;
			defaultConfigurationName = Release;
		};
/* End XCConfigurationList section */
	};
	rootObject = D625E8772AE555D000EB2207 /* Project object */;
}
